{
  "version": 4,
  "terraform_version": "1.8.4",
  "serial": 97,
  "lineage": "040140fc-4d0d-8bbb-42fe-8c9ba725e91e",
  "outputs": {
    "nat_instance_id": {
      "value": "i-0532e56b8ccbb1963",
      "type": "string"
    },
    "nat_private_key_pem": {
      "value": "-----BEGIN RSA PRIVATE KEY-----\nMIIJJwIBAAKCAgEApkivBdodTRSWY7/YExjK/vLPeTUJxrwD1nF3HEZNNCJTrl1M\nX8DuvbFD+dcRfBk7WfmB6LJ0+qYMg9ZicamXUMeG/WRq5iAQSeb5l8HUtMZzkCv1\npUyUD5nuY45UvqITXIRb/ek+kCXbVEqvsXN91V+FmbBfIpWj5FKCaxfTnED9boqD\nb1Zp4LKCQG9sDMUZl7oG+9CtRWc8ZEDTZLNE79yp/uO179a4bu4GvCaAnLFZvKMg\ngLBe8/ujikSxnCr7C52aYcUJeKumY0S4lXjEkegL3fQIRi04Q/sG2SGfqajii/OB\n6fyfUr8sJVgPuCc1JR9CYdKFoHzBfonO/aj3d5pFzzAabXzSJGdLrO9hQ/xuhoZu\nuHvrJ4iinMlGw4GM2GOdResSslogSsYclcCqGevD4hKhyWQOF71EobBwk/12RvZN\nVrI9BeKqYVmAcSta1De+sO9ZjpQosgrYWLw7LMz/mj76CKfhM6OAy1OKegk0y8yA\nlRjnpkAE43YMB3CDGM0ke0YdOKP20aihcWmZQIzzDctYTGWx+oD8Y7NcELbPXTzl\nqiC/YTcbVmqobwdwM3fRjBiba0nEDMhcv2i2l8TR7uAxg+xaqoVVs5aZKRrgVCt+\nFwiKKjkJk0HKxGWuEnnYg42U9hxXEZFdCX7Eu+DMFl7POHRO5EKeMlmxBm8CAwEA\nAQKCAgBLFWnWeiEd84xe2Tr/kIPk8A3n/J9/+di/xXdTsJje0Bs6Eg3Q9OS4iekY\nUNkn0Jrgq03SHXa90Sm4hB7qlPnq81WMaIHujI7eV+ne8RqTUELRWFAwxi3bB5ZB\npPy2Iagdb/S758ykuTtayeigd3Zb2SiR97ZVfv1EtU8HfXhDR4NIHUpxBTOEzwYK\ng2VmNL+0J79MiHMc8hsuZ6ksgNhBeMHYAsld1XZtPJSU88vCNUDAcWZVRY5ym+9C\nGXebfTrjiVQzDo4Sy2szys2QTLpx6bYmEDGGQpfz9k8mz0xxhv1Y1WkVl0j3y7Pq\n3uMmM6oHK6DFXBKTn5GdiiuJlXi78eOrjlhNFI8TBgUPds3ak3n0fVFizCPnADVT\n7b67EII3D7hKcoqDo8GuK+0cdVtv/OWOLmQ32yulBMhrO/RYUn20irLSDhcY/m98\nOYO0fyCibe3T8QIj/DGIFQCoElaXNyRFhxR+FLtOiil2LII5sJsiEkmN/o745az3\nNe2vIAQ0HgiIS7GjoygMLfJscHi+M97n2YlrpPeYtyAiYLuwUZJCUZaI4rSG01mK\nwiI09+smtD7p/AYcVIr56VQFRYWSXm5x4ID7oaG69dRzVym8yID5KeLhozmljs0n\nLFtaA4zp8wiu6N7F5OoyUnSrTTQd5KURnRfFNOS87IIOJ/WFOQKCAQEA1SeVtLVW\n1c9xfHpI2pFCV5dSrJ4PrOVCVQvkg7gVdGbZPcrtfVKXH2amOFxSgOo6XiAlU+Qi\n2tUQ6mkrLl8YvRUqHZGj4YBM+BjlOENpjNYorrmNlDh0qOqd3/+Y6o943t2MlwV7\noVsDd/vB15yT6H2WS5PRQXQgEe5ApzRBUhvnYcGQWRS767XskBiq3OpS86T1z2TR\nGdGl5xy79LwsQ8KUBqSwuE8+UoBqGMMmnBNpicTe01mONVj3NBiDlbHrSdM840Tl\n1hJhex62K5YTSpwpfq2bzoQdUU74mbKnvXDSnFWvhVgLDrcGgL7SMpjtLW6xKlIN\nPUxBskKvP9rmKQKCAQEAx7U/P2cMbaU+PzOrQMBwtY3FKlEJcVL0rmXGyGm0Gb3b\ndHah0LQRMSv/tgXHC3tmHCGs8MGryKInhAx08YDfIZUFkoYvwGhMTOTY6hge8GJj\n/x5+rhPB46+TTvh0OCj/MMVDUYq3EQ67DiDhCHRUzuA77Fh4SMBpxy3gn5w1RHE8\nSqINkPVf5rcvAAEBhfJySNIudIqeb+RY4rlDRmCX/s/v2ivT1vC3wfocmUYmWNKa\ngKZkQgrsYbuHYxHeHRr8NxiX3OZsH4SxfnPdSa4AFbnZ7ehA77XgVQoDxdyMNetF\nEJxEO625DLu8oXjcBPDYxs/vPr7aH/Ozb2tpMz8q1wKCAQBqp1vpB7NjWGDYf/dk\nJbqkSTs80/nT8QK3uzOkFL/ndm7M1HTweBrVw274VHmTt59s6XjD+SrXhDTqlaTd\nlwex1J02HmF5u9DHcu1+sXxm0+GXS5Dj0TvOKVbFdgb1lsRL/18RUdUCb5/UsUvU\nrqvzcKN7PYM+1PQXBLek8iidBQlJiKjJae59ipHLqAwWbckD0E6Ob0uRN61jbqU9\nV8puPTYD/PPPxRbSAR8VNNBk1/G+1ZsI9Y6KcvF+R6XPiS7JycB1l0vJSXktObi9\nJmKQuoKouAV11/UzcehCP3pe98zqHJWuitc9jabbVJ+oYYyLZw+OtW+adEWLBILb\n2JPBAoIBADNmrxS+jTBba54Qym8sGNZh2vF9UhTc6SVKBNPogPZvK2Dad+OjtRkW\n3gYXjpeh9zIeaMi+0FwfgFQ4cJEIPmYCWSDRcNDxB1JzRHFcK/prGJm9W5WqeCkG\nM8ALqr4ZrzT6UM1YCq5VQEfupnzqlDl69XFrg+oVvCQL5tit9/fZvU7oTt2Uik5z\nr6EsoRu8vzWHA3Xzh7v85fPVAz/F9Nkc4/sfdLLJ2kIPAfVhXNVXv3SFXyCwdw7g\nmYQiQSz0mR4FMnEkzYd/O7/0SmyAYH03DKRzNuN7yHWa0kXG8j+egnQ4BEfn+s0Q\nNQjKdra+1sy1EDryHGpE61YuKzGJfJkCggEAUnJOq7YEyRh/5rAeAS7Sd4v/OWZx\n9IE1hWXRwwfQlcYt2/UuJGMYbH6+bp1fzfMu/ypaE8SbZ76739ez4W8pLw4YfKz4\nMYSJmIkit5tRbl9cF69ikkunAER/u5Z0bCnNlgYQ1eGVJ913KFzbb77vk+AM9y30\n7fVQTmbWgudeWlwroaMUfN40TJrlLmBtPoY1YTZ6/NhZhpVeOPgzeYO1w3BZ2AgU\n0dnaFE21KzO+Ygj9lPUlgxr9T9kuFHsqV7tPiu7wPI0+/t0q1H+YNbANWl9k48j2\nZmzwJqdc+WL52pnp3Zzs6KNCw5PNqwTErsua32kcJETowWZwhgppqF+nCA==\n-----END RSA PRIVATE KEY-----\n",
      "type": "string",
      "sensitive": true
    },
    "nat_public_ip": {
      "value": "3.90.237.197",
      "type": "string"
    },
    "private_subnet_ids": {
      "value": [
        "subnet-01a178d7c9e746f2e",
        "subnet-02d23399ea3c5793b"
      ],
      "type": [
        "tuple",
        [
          "string",
          "string"
        ]
      ]
    },
    "public_subnet_ids": {
      "value": [
        "subnet-08ac942bd297ef6f6",
        "subnet-04f8885ccbedf8402"
      ],
      "type": [
        "tuple",
        [
          "string",
          "string"
        ]
      ]
    },
    "test_instance_id": {
      "value": "i-0b36e9d3151ca8731",
      "type": "string"
    },
    "vpc_id": {
      "value": "vpc-09a7ef496f9fa8f48",
      "type": "string"
    }
  },
  "resources": [
    {
      "mode": "data",
      "type": "aws_availability_zones",
      "name": "available",
      "provider": "provider[\"registry.terraform.io/hashicorp/aws\"]",
      "instances": [
        {
          "schema_version": 0,
          "attributes": {
            "all_availability_zones": null,
            "exclude_names": null,
            "exclude_zone_ids": null,
            "filter": null,
            "group_names": [
              "us-east-1-zg-1"
            ],
            "id": "us-east-1",
            "names": [
              "us-east-1a",
              "us-east-1b",
              "us-east-1c",
              "us-east-1d",
              "us-east-1e",
              "us-east-1f"
            ],
            "region": "us-east-1",
            "state": null,
            "timeouts": null,
            "zone_ids": [
              "use1-az6",
              "use1-az1",
              "use1-az2",
              "use1-az4",
              "use1-az3",
              "use1-az5"
            ]
          },
          "sensitive_attributes": []
        }
      ]
    },
    {
      "module": "module.ec2_nat",
      "mode": "managed",
      "type": "aws_instance",
      "name": "this",
      "provider": "provider[\"registry.terraform.io/hashicorp/aws\"]",
      "instances": [
        {
          "schema_version": 2,
          "attributes": {
            "ami": "ami-0c02fb55956c7d316",
            "arn": "arn:aws:ec2:us-east-1:685993304963:instance/i-0532e56b8ccbb1963",
            "associate_public_ip_address": true,
            "availability_zone": "us-east-1a",
            "capacity_reservation_specification": [
              {
                "capacity_reservation_preference": "open",
                "capacity_reservation_target": []
              }
            ],
            "cpu_options": [
              {
                "amd_sev_snp": "",
                "core_count": 1,
                "threads_per_core": 1
              }
            ],
            "credit_specification": [
              {
                "cpu_credits": "standard"
              }
            ],
            "disable_api_stop": false,
            "disable_api_termination": false,
            "ebs_block_device": [],
            "ebs_optimized": false,
            "enable_primary_ipv6": null,
            "enclave_options": [
              {
                "enabled": false
              }
            ],
            "ephemeral_block_device": [],
            "force_destroy": false,
            "get_password_data": false,
            "hibernation": false,
            "host_id": "",
            "host_resource_group_arn": null,
            "iam_instance_profile": "",
            "id": "i-0532e56b8ccbb1963",
            "instance_initiated_shutdown_behavior": "stop",
            "instance_lifecycle": "",
            "instance_market_options": [],
            "instance_state": "running",
            "instance_type": "t2.micro",
            "ipv6_address_count": 0,
            "ipv6_addresses": [],
            "key_name": "poc-nat-key",
            "launch_template": [],
            "maintenance_options": [
              {
                "auto_recovery": "default"
              }
            ],
            "metadata_options": [
              {
                "http_endpoint": "enabled",
                "http_protocol_ipv6": "disabled",
                "http_put_response_hop_limit": 1,
                "http_tokens": "optional",
                "instance_metadata_tags": "disabled"
              }
            ],
            "monitoring": false,
            "network_interface": [],
            "outpost_arn": "",
            "password_data": "",
            "placement_group": "",
            "placement_partition_number": 0,
            "primary_network_interface_id": "eni-0a986979c698f7b38",
            "private_dns": "ip-10-0-0-202.ec2.internal",
            "private_dns_name_options": [
              {
                "enable_resource_name_dns_a_record": false,
                "enable_resource_name_dns_aaaa_record": false,
                "hostname_type": "ip-name"
              }
            ],
            "private_ip": "10.0.0.202",
            "public_dns": "ec2-3-90-237-197.compute-1.amazonaws.com",
            "public_ip": "3.90.237.197",
            "region": "us-east-1",
            "root_block_device": [
              {
                "delete_on_termination": true,
                "device_name": "/dev/xvda",
                "encrypted": false,
                "iops": 100,
                "kms_key_id": "",
                "tags": {},
                "tags_all": {},
                "throughput": 0,
                "volume_id": "vol-0166ea7c1a869a05b",
                "volume_size": 8,
                "volume_type": "gp2"
              }
            ],
            "secondary_private_ips": [],
            "security_groups": [],
            "source_dest_check": false,
            "spot_instance_request_id": "",
            "subnet_id": "subnet-08ac942bd297ef6f6",
            "tags": {
              "Name": "poc-nat"
            },
            "tags_all": {
              "Name": "poc-nat"
            },
            "tenancy": "default",
            "timeouts": null,
            "user_data": "#!/bin/bash\nsudo yum update -y\nsudo yum install -y iptables-services\nsudo sysctl -w net.ipv4.ip_forward=1\nsudo iptables -t nat -A POSTROUTING -o eth0 -j MASQUERADE\nsudo service iptables save\nsudo systemctl enable iptables\nsudo systemctl start iptables\n",
            "user_data_base64": null,
            "user_data_replace_on_change": false,
            "volume_tags": null,
            "vpc_security_group_ids": [
              "sg-0c0ae0b0b3374455b"
            ]
          },
          "sensitive_attributes": [],
          "private": "eyJlMmJmYjczMC1lY2FhLTExZTYtOGY4OC0zNDM2M2JjN2M0YzAiOnsiY3JlYXRlIjo2MDAwMDAwMDAwMDAsImRlbGV0ZSI6MTIwMDAwMDAwMDAwMCwicmVhZCI6OTAwMDAwMDAwMDAwLCJ1cGRhdGUiOjYwMDAwMDAwMDAwMH0sInNjaGVtYV92ZXJzaW9uIjoiMiJ9",
          "dependencies": [
            "data.aws_availability_zones.available",
            "module.key_pair.aws_key_pair.this",
            "module.key_pair.tls_private_key.this",
            "module.public_subnets.aws_subnet.this",
            "module.security_group_nat.aws_security_group.this",
            "module.vpc.aws_vpc.this"
          ]
        }
      ]
    },
    {
      "module": "module.ec2_test",
      "mode": "managed",
      "type": "aws_instance",
      "name": "this",
      "provider": "provider[\"registry.terraform.io/hashicorp/aws\"]",
      "instances": [
        {
          "schema_version": 2,
          "attributes": {
            "ami": "ami-0c02fb55956c7d316",
            "arn": "arn:aws:ec2:us-east-1:685993304963:instance/i-0b36e9d3151ca8731",
            "associate_public_ip_address": false,
            "availability_zone": "us-east-1a",
            "capacity_reservation_specification": [
              {
                "capacity_reservation_preference": "open",
                "capacity_reservation_target": []
              }
            ],
            "cpu_options": [
              {
                "amd_sev_snp": "",
                "core_count": 1,
                "threads_per_core": 1
              }
            ],
            "credit_specification": [
              {
                "cpu_credits": "standard"
              }
            ],
            "disable_api_stop": false,
            "disable_api_termination": false,
            "ebs_block_device": [],
            "ebs_optimized": false,
            "enable_primary_ipv6": null,
            "enclave_options": [
              {
                "enabled": false
              }
            ],
            "ephemeral_block_device": [],
            "force_destroy": false,
            "get_password_data": false,
            "hibernation": false,
            "host_id": "",
            "host_resource_group_arn": null,
            "iam_instance_profile": "",
            "id": "i-0b36e9d3151ca8731",
            "instance_initiated_shutdown_behavior": "stop",
            "instance_lifecycle": "",
            "instance_market_options": [],
            "instance_state": "running",
            "instance_type": "t2.micro",
            "ipv6_address_count": 0,
            "ipv6_addresses": [],
            "key_name": "poc-nat-key",
            "launch_template": [],
            "maintenance_options": [
              {
                "auto_recovery": "default"
              }
            ],
            "metadata_options": [
              {
                "http_endpoint": "enabled",
                "http_protocol_ipv6": "disabled",
                "http_put_response_hop_limit": 1,
                "http_tokens": "optional",
                "instance_metadata_tags": "disabled"
              }
            ],
            "monitoring": false,
            "network_interface": [],
            "outpost_arn": "",
            "password_data": "",
            "placement_group": "",
            "placement_partition_number": 0,
            "primary_network_interface_id": "eni-0cfd02057c633eef1",
            "private_dns": "ip-10-0-2-89.ec2.internal",
            "private_dns_name_options": [
              {
                "enable_resource_name_dns_a_record": false,
                "enable_resource_name_dns_aaaa_record": false,
                "hostname_type": "ip-name"
              }
            ],
            "private_ip": "10.0.2.89",
            "public_dns": "",
            "public_ip": "",
            "region": "us-east-1",
            "root_block_device": [
              {
                "delete_on_termination": true,
                "device_name": "/dev/xvda",
                "encrypted": false,
                "iops": 100,
                "kms_key_id": "",
                "tags": {},
                "tags_all": {},
                "throughput": 0,
                "volume_id": "vol-030aa263382fdc087",
                "volume_size": 8,
                "volume_type": "gp2"
              }
            ],
            "secondary_private_ips": [],
            "security_groups": [],
            "source_dest_check": true,
            "spot_instance_request_id": "",
            "subnet_id": "subnet-01a178d7c9e746f2e",
            "tags": {
              "Name": "poc-test"
            },
            "tags_all": {
              "Name": "poc-test"
            },
            "tenancy": "default",
            "timeouts": null,
            "user_data": null,
            "user_data_base64": null,
            "user_data_replace_on_change": false,
            "volume_tags": null,
            "vpc_security_group_ids": [
              "sg-0158a8d95fce1f1cc"
            ]
          },
          "sensitive_attributes": [],
          "private": "eyJlMmJmYjczMC1lY2FhLTExZTYtOGY4OC0zNDM2M2JjN2M0YzAiOnsiY3JlYXRlIjo2MDAwMDAwMDAwMDAsImRlbGV0ZSI6MTIwMDAwMDAwMDAwMCwicmVhZCI6OTAwMDAwMDAwMDAwLCJ1cGRhdGUiOjYwMDAwMDAwMDAwMH0sInNjaGVtYV92ZXJzaW9uIjoiMiJ9",
          "dependencies": [
            "data.aws_availability_zones.available",
            "module.key_pair.aws_key_pair.this",
            "module.key_pair.tls_private_key.this",
            "module.private_subnets.aws_subnet.this",
            "module.security_group_nat.aws_security_group.this",
            "module.security_group_test.aws_security_group.this",
            "module.vpc.aws_vpc.this"
          ]
        }
      ]
    },
    {
      "module": "module.internet_gateway",
      "mode": "managed",
      "type": "aws_internet_gateway",
      "name": "this",
      "provider": "provider[\"registry.terraform.io/hashicorp/aws\"]",
      "instances": [
        {
          "schema_version": 0,
          "attributes": {
            "arn": "arn:aws:ec2:us-east-1:685993304963:internet-gateway/igw-02043aa4e2ef6f443",
            "id": "igw-02043aa4e2ef6f443",
            "owner_id": "685993304963",
            "region": "us-east-1",
            "tags": {
              "Name": "poc-igw"
            },
            "tags_all": {
              "Name": "poc-igw"
            },
            "timeouts": null,
            "vpc_id": "vpc-09a7ef496f9fa8f48"
          },
          "sensitive_attributes": [],
          "private": "eyJlMmJmYjczMC1lY2FhLTExZTYtOGY4OC0zNDM2M2JjN2M0YzAiOnsiY3JlYXRlIjoxMjAwMDAwMDAwMDAwLCJkZWxldGUiOjEyMDAwMDAwMDAwMDAsInVwZGF0ZSI6MTIwMDAwMDAwMDAwMH19",
          "dependencies": [
            "module.vpc.aws_vpc.this"
          ]
        }
      ]
    },
    {
      "module": "module.key_pair",
      "mode": "managed",
      "type": "aws_key_pair",
      "name": "this",
      "provider": "provider[\"registry.terraform.io/hashicorp/aws\"]",
      "instances": [
        {
          "schema_version": 1,
          "attributes": {
            "arn": "arn:aws:ec2:us-east-1:685993304963:key-pair/poc-nat-key",
            "fingerprint": "b2:7c:a2:a1:5f:be:41:39:b9:cc:21:6d:b6:2c:ae:7a",
            "id": "poc-nat-key",
            "key_name": "poc-nat-key",
            "key_name_prefix": "",
            "key_pair_id": "key-0776a41bd89ef5012",
            "key_type": "rsa",
            "public_key": "ssh-rsa AAAAB3NzaC1yc2EAAAADAQABAAACAQCmSK8F2h1NFJZjv9gTGMr+8s95NQnGvAPWcXccRk00IlOuXUxfwO69sUP51xF8GTtZ+YHosnT6pgyD1mJxqZdQx4b9ZGrmIBBJ5vmXwdS0xnOQK/WlTJQPme5jjlS+ohNchFv96T6QJdtUSq+xc33VX4WZsF8ilaPkUoJrF9OcQP1uioNvVmngsoJAb2wMxRmXugb70K1FZzxkQNNks0Tv3Kn+47Xv1rhu7ga8JoCcsVm8oyCAsF7z+6OKRLGcKvsLnZphxQl4q6ZjRLiVeMSR6Avd9AhGLThD+wbZIZ+pqOKL84Hp/J9SvywlWA+4JzUlH0Jh0oWgfMF+ic79qPd3mkXPMBptfNIkZ0us72FD/G6Ghm64e+sniKKcyUbDgYzYY51F6xKyWiBKxhyVwKoZ68PiEqHJZA4XvUShsHCT/XZG9k1Wsj0F4qphWYBxK1rUN76w71mOlCiyCthYvDsszP+aPvoIp+Ezo4DLU4p6CTTLzICVGOemQATjdgwHcIMYzSR7Rh04o/bRqKFxaZlAjPMNy1hMZbH6gPxjs1wQts9dPOWqIL9hNxtWaqhvB3Azd9GMGJtrScQMyFy/aLaXxNHu4DGD7FqqhVWzlpkpGuBUK34XCIoqOQmTQcrEZa4SediDjZT2HFcRkV0JfsS74MwWXs84dE7kQp4yWbEGbw==",
            "region": "us-east-1",
            "tags": null,
            "tags_all": {}
          },
          "sensitive_attributes": [],
          "private": "eyJzY2hlbWFfdmVyc2lvbiI6IjEifQ==",
          "dependencies": [
            "module.key_pair.tls_private_key.this"
          ]
        }
      ]
    },
    {
      "module": "module.key_pair",
      "mode": "managed",
      "type": "tls_private_key",
      "name": "this",
      "provider": "provider[\"registry.terraform.io/hashicorp/tls\"]",
      "instances": [
        {
          "schema_version": 1,
          "attributes": {
            "algorithm": "RSA",
            "ecdsa_curve": "P224",
            "id": "f076a103f03a3811b69144d3bfa5f4fa8875c800",
            "private_key_openssh": "-----BEGIN OPENSSH PRIVATE KEY-----\nb3BlbnNzaC1rZXktdjEAAAAABG5vbmUAAAAEbm9uZQAAAAAAAAABAAACFwAAAAdz\nc2gtcnNhAAAAAwEAAQAAAgEApkivBdodTRSWY7/YExjK/vLPeTUJxrwD1nF3HEZN\nNCJTrl1MX8DuvbFD+dcRfBk7WfmB6LJ0+qYMg9ZicamXUMeG/WRq5iAQSeb5l8HU\ntMZzkCv1pUyUD5nuY45UvqITXIRb/ek+kCXbVEqvsXN91V+FmbBfIpWj5FKCaxfT\nnED9boqDb1Zp4LKCQG9sDMUZl7oG+9CtRWc8ZEDTZLNE79yp/uO179a4bu4GvCaA\nnLFZvKMggLBe8/ujikSxnCr7C52aYcUJeKumY0S4lXjEkegL3fQIRi04Q/sG2SGf\nqajii/OB6fyfUr8sJVgPuCc1JR9CYdKFoHzBfonO/aj3d5pFzzAabXzSJGdLrO9h\nQ/xuhoZuuHvrJ4iinMlGw4GM2GOdResSslogSsYclcCqGevD4hKhyWQOF71EobBw\nk/12RvZNVrI9BeKqYVmAcSta1De+sO9ZjpQosgrYWLw7LMz/mj76CKfhM6OAy1OK\negk0y8yAlRjnpkAE43YMB3CDGM0ke0YdOKP20aihcWmZQIzzDctYTGWx+oD8Y7Nc\nELbPXTzlqiC/YTcbVmqobwdwM3fRjBiba0nEDMhcv2i2l8TR7uAxg+xaqoVVs5aZ\nKRrgVCt+FwiKKjkJk0HKxGWuEnnYg42U9hxXEZFdCX7Eu+DMFl7POHRO5EKeMlmx\nBm8AAAc43JeBuNyXgbgAAAAHc3NoLXJzYQAAAgEApkivBdodTRSWY7/YExjK/vLP\neTUJxrwD1nF3HEZNNCJTrl1MX8DuvbFD+dcRfBk7WfmB6LJ0+qYMg9ZicamXUMeG\n/WRq5iAQSeb5l8HUtMZzkCv1pUyUD5nuY45UvqITXIRb/ek+kCXbVEqvsXN91V+F\nmbBfIpWj5FKCaxfTnED9boqDb1Zp4LKCQG9sDMUZl7oG+9CtRWc8ZEDTZLNE79yp\n/uO179a4bu4GvCaAnLFZvKMggLBe8/ujikSxnCr7C52aYcUJeKumY0S4lXjEkegL\n3fQIRi04Q/sG2SGfqajii/OB6fyfUr8sJVgPuCc1JR9CYdKFoHzBfonO/aj3d5pF\nzzAabXzSJGdLrO9hQ/xuhoZuuHvrJ4iinMlGw4GM2GOdResSslogSsYclcCqGevD\n4hKhyWQOF71EobBwk/12RvZNVrI9BeKqYVmAcSta1De+sO9ZjpQosgrYWLw7LMz/\nmj76CKfhM6OAy1OKegk0y8yAlRjnpkAE43YMB3CDGM0ke0YdOKP20aihcWmZQIzz\nDctYTGWx+oD8Y7NcELbPXTzlqiC/YTcbVmqobwdwM3fRjBiba0nEDMhcv2i2l8TR\n7uAxg+xaqoVVs5aZKRrgVCt+FwiKKjkJk0HKxGWuEnnYg42U9hxXEZFdCX7Eu+DM\nFl7POHRO5EKeMlmxBm8AAAADAQABAAACAEsVadZ6IR3zjF7ZOv+Qg+TwDef8n3/5\n2L/Fd1OwmN7QGzoSDdD05LiJ6RhQ2SfQmuCrTdIddr3RKbiEHuqU+erzVYxoge6M\njt5X6d7xGpNQQtFYUDDGLdsHlkGk/LYhqB1v9LvnzKS5O1rJ6KB3dlvZKJH3tlV+\n/US1Twd9eENHg0gdSnEFM4TPBgqDZWY0v7Qnv0yIcxzyGy5nqSyA2EF4wdgCyV3V\ndm08lJTzy8I1QMBxZlVFjnKb70IZd5t9OuOJVDMOjhLLazPKzZBMunHptiYQMYZC\nl/P2TybPTHGG/VjVaRWXSPfLs+re4yYzqgcroMVcEpOfkZ2KK4mVeLvx46uOWE0U\njxMGBQ92zdqTefR9UWLMI+cANVPtvrsQgjcPuEpyioOjwa4r7Rx1W2/85Y4uZDfb\nK6UEyGs79FhSfbSKstIOFxj+b3w5g7R/IKJt7dPxAiP8MYgVAKgSVpc3JEWHFH4U\nu06KKXYsgjmwmyISSY3+jvjlrPc17a8gBDQeCIhLsaOjKAwt8mxweL4z3ufZiWuk\n95i3ICJgu7BRkkJRlojitIbTWYrCIjT36ya0Pun8BhxUivnpVAVFhZJebnHggPuh\nobr11HNXKbzIgPkp4uGjOaWOzScsW1oDjOnzCK7o3sXk6jJSdKtNNB3kpRGdF8U0\n5Lzsgg4n9YU5AAABAFJyTqu2BMkYf+awHgEu0neL/zlmcfSBNYVl0cMH0JXGLdv1\nLiRjGGx+vm6dX83zLv8qWhPEm2e+u9/Xs+FvKS8OGHys+DGEiZiJIrebUW5fXBev\nYpJLpwBEf7uWdGwpzZYGENXhlSfddyhc22++75PgDPct9O31UE5m1oLnXlpcK6Gj\nFHzeNEya5S5gbT6GNWE2evzYWYaVXjj4M3mDtcNwWdgIFNHZ2hRNtSszvmII/ZT1\nJYMa/U/ZLhR7Kle7T4ru8DyNPv7dKtR/mDWwDVpfZOPI9mZs8CanXPli+dqZ6d2c\n7OijQsOTzasExK7Lmt9pHCRE6MFmcIYKaahfpwgAAAEBANUnlbS1VtXPcXx6SNqR\nQleXUqyeD6zlQlUL5IO4FXRm2T3K7X1Slx9mpjhcUoDqOl4gJVPkItrVEOppKy5f\nGL0VKh2Ro+GATPgY5ThDaYzWKK65jZQ4dKjqnd//mOqPeN7djJcFe6FbA3f7wdec\nk+h9lkuT0UF0IBHuQKc0QVIb52HBkFkUu+u17JAYqtzqUvOk9c9k0RnRpeccu/S8\nLEPClAaksLhPPlKAahjDJpwTaYnE3tNZjjVY9zQYg5Wx60nTPONE5dYSYXsetiuW\nE0qcKX6tm86EHVFO+Jmyp71w0pxVr4VYCw63BoC+0jKY7S1usSpSDT1MQbJCrz/a\n5ikAAAEBAMe1Pz9nDG2lPj8zq0DAcLWNxSpRCXFS9K5lxshptBm923R2odC0ETEr\n/7YFxwt7ZhwhrPDBq8iiJ4QMdPGA3yGVBZKGL8BoTEzk2OoYHvBiY/8efq4TweOv\nk074dDgo/zDFQ1GKtxEOuw4g4Qh0VM7gO+xYeEjAacct4J+cNURxPEqiDZD1X+a3\nLwABAYXyckjSLnSKnm/kWOK5Q0Zgl/7P79or09bwt8H6HJlGJljSmoCmZEIK7GG7\nh2MR3h0a/DcYl9zmbB+EsX5z3UmuABW52e3oQO+14FUKA8XcjDXrRRCcRDutuQy7\nvKF43ATw2MbP7z6+2h/zs29raTM/KtcAAAAAAQID\n-----END OPENSSH PRIVATE KEY-----\n",
            "private_key_pem": "-----BEGIN RSA PRIVATE KEY-----\nMIIJJwIBAAKCAgEApkivBdodTRSWY7/YExjK/vLPeTUJxrwD1nF3HEZNNCJTrl1M\nX8DuvbFD+dcRfBk7WfmB6LJ0+qYMg9ZicamXUMeG/WRq5iAQSeb5l8HUtMZzkCv1\npUyUD5nuY45UvqITXIRb/ek+kCXbVEqvsXN91V+FmbBfIpWj5FKCaxfTnED9boqD\nb1Zp4LKCQG9sDMUZl7oG+9CtRWc8ZEDTZLNE79yp/uO179a4bu4GvCaAnLFZvKMg\ngLBe8/ujikSxnCr7C52aYcUJeKumY0S4lXjEkegL3fQIRi04Q/sG2SGfqajii/OB\n6fyfUr8sJVgPuCc1JR9CYdKFoHzBfonO/aj3d5pFzzAabXzSJGdLrO9hQ/xuhoZu\nuHvrJ4iinMlGw4GM2GOdResSslogSsYclcCqGevD4hKhyWQOF71EobBwk/12RvZN\nVrI9BeKqYVmAcSta1De+sO9ZjpQosgrYWLw7LMz/mj76CKfhM6OAy1OKegk0y8yA\nlRjnpkAE43YMB3CDGM0ke0YdOKP20aihcWmZQIzzDctYTGWx+oD8Y7NcELbPXTzl\nqiC/YTcbVmqobwdwM3fRjBiba0nEDMhcv2i2l8TR7uAxg+xaqoVVs5aZKRrgVCt+\nFwiKKjkJk0HKxGWuEnnYg42U9hxXEZFdCX7Eu+DMFl7POHRO5EKeMlmxBm8CAwEA\nAQKCAgBLFWnWeiEd84xe2Tr/kIPk8A3n/J9/+di/xXdTsJje0Bs6Eg3Q9OS4iekY\nUNkn0Jrgq03SHXa90Sm4hB7qlPnq81WMaIHujI7eV+ne8RqTUELRWFAwxi3bB5ZB\npPy2Iagdb/S758ykuTtayeigd3Zb2SiR97ZVfv1EtU8HfXhDR4NIHUpxBTOEzwYK\ng2VmNL+0J79MiHMc8hsuZ6ksgNhBeMHYAsld1XZtPJSU88vCNUDAcWZVRY5ym+9C\nGXebfTrjiVQzDo4Sy2szys2QTLpx6bYmEDGGQpfz9k8mz0xxhv1Y1WkVl0j3y7Pq\n3uMmM6oHK6DFXBKTn5GdiiuJlXi78eOrjlhNFI8TBgUPds3ak3n0fVFizCPnADVT\n7b67EII3D7hKcoqDo8GuK+0cdVtv/OWOLmQ32yulBMhrO/RYUn20irLSDhcY/m98\nOYO0fyCibe3T8QIj/DGIFQCoElaXNyRFhxR+FLtOiil2LII5sJsiEkmN/o745az3\nNe2vIAQ0HgiIS7GjoygMLfJscHi+M97n2YlrpPeYtyAiYLuwUZJCUZaI4rSG01mK\nwiI09+smtD7p/AYcVIr56VQFRYWSXm5x4ID7oaG69dRzVym8yID5KeLhozmljs0n\nLFtaA4zp8wiu6N7F5OoyUnSrTTQd5KURnRfFNOS87IIOJ/WFOQKCAQEA1SeVtLVW\n1c9xfHpI2pFCV5dSrJ4PrOVCVQvkg7gVdGbZPcrtfVKXH2amOFxSgOo6XiAlU+Qi\n2tUQ6mkrLl8YvRUqHZGj4YBM+BjlOENpjNYorrmNlDh0qOqd3/+Y6o943t2MlwV7\noVsDd/vB15yT6H2WS5PRQXQgEe5ApzRBUhvnYcGQWRS767XskBiq3OpS86T1z2TR\nGdGl5xy79LwsQ8KUBqSwuE8+UoBqGMMmnBNpicTe01mONVj3NBiDlbHrSdM840Tl\n1hJhex62K5YTSpwpfq2bzoQdUU74mbKnvXDSnFWvhVgLDrcGgL7SMpjtLW6xKlIN\nPUxBskKvP9rmKQKCAQEAx7U/P2cMbaU+PzOrQMBwtY3FKlEJcVL0rmXGyGm0Gb3b\ndHah0LQRMSv/tgXHC3tmHCGs8MGryKInhAx08YDfIZUFkoYvwGhMTOTY6hge8GJj\n/x5+rhPB46+TTvh0OCj/MMVDUYq3EQ67DiDhCHRUzuA77Fh4SMBpxy3gn5w1RHE8\nSqINkPVf5rcvAAEBhfJySNIudIqeb+RY4rlDRmCX/s/v2ivT1vC3wfocmUYmWNKa\ngKZkQgrsYbuHYxHeHRr8NxiX3OZsH4SxfnPdSa4AFbnZ7ehA77XgVQoDxdyMNetF\nEJxEO625DLu8oXjcBPDYxs/vPr7aH/Ozb2tpMz8q1wKCAQBqp1vpB7NjWGDYf/dk\nJbqkSTs80/nT8QK3uzOkFL/ndm7M1HTweBrVw274VHmTt59s6XjD+SrXhDTqlaTd\nlwex1J02HmF5u9DHcu1+sXxm0+GXS5Dj0TvOKVbFdgb1lsRL/18RUdUCb5/UsUvU\nrqvzcKN7PYM+1PQXBLek8iidBQlJiKjJae59ipHLqAwWbckD0E6Ob0uRN61jbqU9\nV8puPTYD/PPPxRbSAR8VNNBk1/G+1ZsI9Y6KcvF+R6XPiS7JycB1l0vJSXktObi9\nJmKQuoKouAV11/UzcehCP3pe98zqHJWuitc9jabbVJ+oYYyLZw+OtW+adEWLBILb\n2JPBAoIBADNmrxS+jTBba54Qym8sGNZh2vF9UhTc6SVKBNPogPZvK2Dad+OjtRkW\n3gYXjpeh9zIeaMi+0FwfgFQ4cJEIPmYCWSDRcNDxB1JzRHFcK/prGJm9W5WqeCkG\nM8ALqr4ZrzT6UM1YCq5VQEfupnzqlDl69XFrg+oVvCQL5tit9/fZvU7oTt2Uik5z\nr6EsoRu8vzWHA3Xzh7v85fPVAz/F9Nkc4/sfdLLJ2kIPAfVhXNVXv3SFXyCwdw7g\nmYQiQSz0mR4FMnEkzYd/O7/0SmyAYH03DKRzNuN7yHWa0kXG8j+egnQ4BEfn+s0Q\nNQjKdra+1sy1EDryHGpE61YuKzGJfJkCggEAUnJOq7YEyRh/5rAeAS7Sd4v/OWZx\n9IE1hWXRwwfQlcYt2/UuJGMYbH6+bp1fzfMu/ypaE8SbZ76739ez4W8pLw4YfKz4\nMYSJmIkit5tRbl9cF69ikkunAER/u5Z0bCnNlgYQ1eGVJ913KFzbb77vk+AM9y30\n7fVQTmbWgudeWlwroaMUfN40TJrlLmBtPoY1YTZ6/NhZhpVeOPgzeYO1w3BZ2AgU\n0dnaFE21KzO+Ygj9lPUlgxr9T9kuFHsqV7tPiu7wPI0+/t0q1H+YNbANWl9k48j2\nZmzwJqdc+WL52pnp3Zzs6KNCw5PNqwTErsua32kcJETowWZwhgppqF+nCA==\n-----END RSA PRIVATE KEY-----\n",
            "private_key_pem_pkcs8": "-----BEGIN PRIVATE KEY-----\nMIIJQQIBADANBgkqhkiG9w0BAQEFAASCCSswggknAgEAAoICAQCmSK8F2h1NFJZj\nv9gTGMr+8s95NQnGvAPWcXccRk00IlOuXUxfwO69sUP51xF8GTtZ+YHosnT6pgyD\n1mJxqZdQx4b9ZGrmIBBJ5vmXwdS0xnOQK/WlTJQPme5jjlS+ohNchFv96T6QJdtU\nSq+xc33VX4WZsF8ilaPkUoJrF9OcQP1uioNvVmngsoJAb2wMxRmXugb70K1FZzxk\nQNNks0Tv3Kn+47Xv1rhu7ga8JoCcsVm8oyCAsF7z+6OKRLGcKvsLnZphxQl4q6Zj\nRLiVeMSR6Avd9AhGLThD+wbZIZ+pqOKL84Hp/J9SvywlWA+4JzUlH0Jh0oWgfMF+\nic79qPd3mkXPMBptfNIkZ0us72FD/G6Ghm64e+sniKKcyUbDgYzYY51F6xKyWiBK\nxhyVwKoZ68PiEqHJZA4XvUShsHCT/XZG9k1Wsj0F4qphWYBxK1rUN76w71mOlCiy\nCthYvDsszP+aPvoIp+Ezo4DLU4p6CTTLzICVGOemQATjdgwHcIMYzSR7Rh04o/bR\nqKFxaZlAjPMNy1hMZbH6gPxjs1wQts9dPOWqIL9hNxtWaqhvB3Azd9GMGJtrScQM\nyFy/aLaXxNHu4DGD7FqqhVWzlpkpGuBUK34XCIoqOQmTQcrEZa4SediDjZT2HFcR\nkV0JfsS74MwWXs84dE7kQp4yWbEGbwIDAQABAoICAEsVadZ6IR3zjF7ZOv+Qg+Tw\nDef8n3/52L/Fd1OwmN7QGzoSDdD05LiJ6RhQ2SfQmuCrTdIddr3RKbiEHuqU+erz\nVYxoge6Mjt5X6d7xGpNQQtFYUDDGLdsHlkGk/LYhqB1v9LvnzKS5O1rJ6KB3dlvZ\nKJH3tlV+/US1Twd9eENHg0gdSnEFM4TPBgqDZWY0v7Qnv0yIcxzyGy5nqSyA2EF4\nwdgCyV3Vdm08lJTzy8I1QMBxZlVFjnKb70IZd5t9OuOJVDMOjhLLazPKzZBMunHp\ntiYQMYZCl/P2TybPTHGG/VjVaRWXSPfLs+re4yYzqgcroMVcEpOfkZ2KK4mVeLvx\n46uOWE0UjxMGBQ92zdqTefR9UWLMI+cANVPtvrsQgjcPuEpyioOjwa4r7Rx1W2/8\n5Y4uZDfbK6UEyGs79FhSfbSKstIOFxj+b3w5g7R/IKJt7dPxAiP8MYgVAKgSVpc3\nJEWHFH4Uu06KKXYsgjmwmyISSY3+jvjlrPc17a8gBDQeCIhLsaOjKAwt8mxweL4z\n3ufZiWuk95i3ICJgu7BRkkJRlojitIbTWYrCIjT36ya0Pun8BhxUivnpVAVFhZJe\nbnHggPuhobr11HNXKbzIgPkp4uGjOaWOzScsW1oDjOnzCK7o3sXk6jJSdKtNNB3k\npRGdF8U05Lzsgg4n9YU5AoIBAQDVJ5W0tVbVz3F8ekjakUJXl1Ksng+s5UJVC+SD\nuBV0Ztk9yu19UpcfZqY4XFKA6jpeICVT5CLa1RDqaSsuXxi9FSodkaPhgEz4GOU4\nQ2mM1iiuuY2UOHSo6p3f/5jqj3je3YyXBXuhWwN3+8HXnJPofZZLk9FBdCAR7kCn\nNEFSG+dhwZBZFLvrteyQGKrc6lLzpPXPZNEZ0aXnHLv0vCxDwpQGpLC4Tz5SgGoY\nwyacE2mJxN7TWY41WPc0GIOVsetJ0zzjROXWEmF7HrYrlhNKnCl+rZvOhB1RTviZ\nsqe9cNKcVa+FWAsOtwaAvtIymO0tbrEqUg09TEGyQq8/2uYpAoIBAQDHtT8/Zwxt\npT4/M6tAwHC1jcUqUQlxUvSuZcbIabQZvdt0dqHQtBExK/+2BccLe2YcIazwwavI\noieEDHTxgN8hlQWShi/AaExM5NjqGB7wYmP/Hn6uE8Hjr5NO+HQ4KP8wxUNRircR\nDrsOIOEIdFTO4DvsWHhIwGnHLeCfnDVEcTxKog2Q9V/mty8AAQGF8nJI0i50ip5v\n5FjiuUNGYJf+z+/aK9PW8LfB+hyZRiZY0pqApmRCCuxhu4djEd4dGvw3GJfc5mwf\nhLF+c91JrgAVudnt6EDvteBVCgPF3Iw160UQnEQ7rbkMu7yheNwE8NjGz+8+vtof\n87Nva2kzPyrXAoIBAGqnW+kHs2NYYNh/92QluqRJOzzT+dPxAre7M6QUv+d2bszU\ndPB4GtXDbvhUeZO3n2zpeMP5KteENOqVpN2XB7HUnTYeYXm70Mdy7X6xfGbT4ZdL\nkOPRO84pVsV2BvWWxEv/XxFR1QJvn9SxS9Suq/Nwo3s9gz7U9BcEt6TyKJ0FCUmI\nqMlp7n2KkcuoDBZtyQPQTo5vS5E3rWNupT1Xym49NgP888/FFtIBHxU00GTX8b7V\nmwj1jopy8X5Hpc+JLsnJwHWXS8lJeS05uL0mYpC6gqi4BXXX9TNx6EI/el73zOoc\nla6K1z2NpttUn6hhjItnD461b5p0RYsEgtvYk8ECggEAM2avFL6NMFtrnhDKbywY\n1mHa8X1SFNzpJUoE0+iA9m8rYNp346O1GRbeBheOl6H3Mh5oyL7QXB+AVDhwkQg+\nZgJZINFw0PEHUnNEcVwr+msYmb1blap4KQYzwAuqvhmvNPpQzVgKrlVAR+6mfOqU\nOXr1cWuD6hW8JAvm2K3399m9TuhO3ZSKTnOvoSyhG7y/NYcDdfOHu/zl89UDP8X0\n2Rzj+x90ssnaQg8B9WFc1Ve/dIVfILB3DuCZhCJBLPSZHgUycSTNh387v/RKbIBg\nfTcMpHM243vIdZrSRcbyP56CdDgER+f6zRA1CMp2tr7WzLUQOvIcakTrVi4rMYl8\nmQKCAQBSck6rtgTJGH/msB4BLtJ3i/85ZnH0gTWFZdHDB9CVxi3b9S4kYxhsfr5u\nnV/N8y7/KloTxJtnvrvf17PhbykvDhh8rPgxhImYiSK3m1FuX1wXr2KSS6cARH+7\nlnRsKc2WBhDV4ZUn3XcoXNtvvu+T4Az3LfTt9VBOZtaC515aXCuhoxR83jRMmuUu\nYG0+hjVhNnr82FmGlV44+DN5g7XDcFnYCBTR2doUTbUrM75iCP2U9SWDGv1P2S4U\neypXu0+K7vA8jT7+3SrUf5g1sA1aX2TjyPZmbPAmp1z5YvnamendnOzoo0LDk82r\nBMSuy5rfaRwkROjBZnCGCmmoX6cI\n-----END PRIVATE KEY-----\n",
            "public_key_fingerprint_md5": "9a:71:d0:8c:68:be:5b:ed:59:67:cf:1a:d5:2b:60:61",
            "public_key_fingerprint_sha256": "SHA256:QoDJHDNDwjsT5ew5qnY7Dbl/LmqOtx+naPAMG+mNIpU",
            "public_key_openssh": "ssh-rsa AAAAB3NzaC1yc2EAAAADAQABAAACAQCmSK8F2h1NFJZjv9gTGMr+8s95NQnGvAPWcXccRk00IlOuXUxfwO69sUP51xF8GTtZ+YHosnT6pgyD1mJxqZdQx4b9ZGrmIBBJ5vmXwdS0xnOQK/WlTJQPme5jjlS+ohNchFv96T6QJdtUSq+xc33VX4WZsF8ilaPkUoJrF9OcQP1uioNvVmngsoJAb2wMxRmXugb70K1FZzxkQNNks0Tv3Kn+47Xv1rhu7ga8JoCcsVm8oyCAsF7z+6OKRLGcKvsLnZphxQl4q6ZjRLiVeMSR6Avd9AhGLThD+wbZIZ+pqOKL84Hp/J9SvywlWA+4JzUlH0Jh0oWgfMF+ic79qPd3mkXPMBptfNIkZ0us72FD/G6Ghm64e+sniKKcyUbDgYzYY51F6xKyWiBKxhyVwKoZ68PiEqHJZA4XvUShsHCT/XZG9k1Wsj0F4qphWYBxK1rUN76w71mOlCiyCthYvDsszP+aPvoIp+Ezo4DLU4p6CTTLzICVGOemQATjdgwHcIMYzSR7Rh04o/bRqKFxaZlAjPMNy1hMZbH6gPxjs1wQts9dPOWqIL9hNxtWaqhvB3Azd9GMGJtrScQMyFy/aLaXxNHu4DGD7FqqhVWzlpkpGuBUK34XCIoqOQmTQcrEZa4SediDjZT2HFcRkV0JfsS74MwWXs84dE7kQp4yWbEGbw==\n",
            "public_key_pem": "-----BEGIN PUBLIC KEY-----\nMIICIjANBgkqhkiG9w0BAQEFAAOCAg8AMIICCgKCAgEApkivBdodTRSWY7/YExjK\n/vLPeTUJxrwD1nF3HEZNNCJTrl1MX8DuvbFD+dcRfBk7WfmB6LJ0+qYMg9ZicamX\nUMeG/WRq5iAQSeb5l8HUtMZzkCv1pUyUD5nuY45UvqITXIRb/ek+kCXbVEqvsXN9\n1V+FmbBfIpWj5FKCaxfTnED9boqDb1Zp4LKCQG9sDMUZl7oG+9CtRWc8ZEDTZLNE\n79yp/uO179a4bu4GvCaAnLFZvKMggLBe8/ujikSxnCr7C52aYcUJeKumY0S4lXjE\nkegL3fQIRi04Q/sG2SGfqajii/OB6fyfUr8sJVgPuCc1JR9CYdKFoHzBfonO/aj3\nd5pFzzAabXzSJGdLrO9hQ/xuhoZuuHvrJ4iinMlGw4GM2GOdResSslogSsYclcCq\nGevD4hKhyWQOF71EobBwk/12RvZNVrI9BeKqYVmAcSta1De+sO9ZjpQosgrYWLw7\nLMz/mj76CKfhM6OAy1OKegk0y8yAlRjnpkAE43YMB3CDGM0ke0YdOKP20aihcWmZ\nQIzzDctYTGWx+oD8Y7NcELbPXTzlqiC/YTcbVmqobwdwM3fRjBiba0nEDMhcv2i2\nl8TR7uAxg+xaqoVVs5aZKRrgVCt+FwiKKjkJk0HKxGWuEnnYg42U9hxXEZFdCX7E\nu+DMFl7POHRO5EKeMlmxBm8CAwEAAQ==\n-----END PUBLIC KEY-----\n",
            "rsa_bits": 4096
          },
          "sensitive_attributes": [
            [
              {
                "type": "get_attr",
                "value": "private_key_openssh"
              }
            ],
            [
              {
                "type": "get_attr",
                "value": "private_key_pem_pkcs8"
              }
            ],
            [
              {
                "type": "get_attr",
                "value": "private_key_pem"
              }
            ]
          ]
        }
      ]
    },
    {
      "module": "module.private_subnets",
      "mode": "managed",
      "type": "aws_subnet",
      "name": "this",
      "provider": "provider[\"registry.terraform.io/hashicorp/aws\"]",
      "instances": [
        {
          "index_key": 0,
          "schema_version": 1,
          "attributes": {
            "arn": "arn:aws:ec2:us-east-1:685993304963:subnet/subnet-01a178d7c9e746f2e",
            "assign_ipv6_address_on_creation": false,
            "availability_zone": "us-east-1a",
            "availability_zone_id": "use1-az6",
            "cidr_block": "10.0.2.0/24",
            "customer_owned_ipv4_pool": "",
            "enable_dns64": false,
            "enable_lni_at_device_index": 0,
            "enable_resource_name_dns_a_record_on_launch": false,
            "enable_resource_name_dns_aaaa_record_on_launch": false,
            "id": "subnet-01a178d7c9e746f2e",
            "ipv6_cidr_block": "",
            "ipv6_cidr_block_association_id": "",
            "ipv6_native": false,
            "map_customer_owned_ip_on_launch": false,
            "map_public_ip_on_launch": false,
            "outpost_arn": "",
            "owner_id": "685993304963",
            "private_dns_hostname_type_on_launch": "ip-name",
            "region": "us-east-1",
            "tags": {
              "Name": "poc-private-0"
            },
            "tags_all": {
              "Name": "poc-private-0"
            },
            "timeouts": null,
            "vpc_id": "vpc-09a7ef496f9fa8f48"
          },
          "sensitive_attributes": [],
          "private": "eyJlMmJmYjczMC1lY2FhLTExZTYtOGY4OC0zNDM2M2JjN2M0YzAiOnsiY3JlYXRlIjo2MDAwMDAwMDAwMDAsImRlbGV0ZSI6MTIwMDAwMDAwMDAwMH0sInNjaGVtYV92ZXJzaW9uIjoiMSJ9",
          "dependencies": [
            "data.aws_availability_zones.available",
            "module.vpc.aws_vpc.this"
          ]
        },
        {
          "index_key": 1,
          "schema_version": 1,
          "attributes": {
            "arn": "arn:aws:ec2:us-east-1:685993304963:subnet/subnet-02d23399ea3c5793b",
            "assign_ipv6_address_on_creation": false,
            "availability_zone": "us-east-1b",
            "availability_zone_id": "use1-az1",
            "cidr_block": "10.0.3.0/24",
            "customer_owned_ipv4_pool": "",
            "enable_dns64": false,
            "enable_lni_at_device_index": 0,
            "enable_resource_name_dns_a_record_on_launch": false,
            "enable_resource_name_dns_aaaa_record_on_launch": false,
            "id": "subnet-02d23399ea3c5793b",
            "ipv6_cidr_block": "",
            "ipv6_cidr_block_association_id": "",
            "ipv6_native": false,
            "map_customer_owned_ip_on_launch": false,
            "map_public_ip_on_launch": false,
            "outpost_arn": "",
            "owner_id": "685993304963",
            "private_dns_hostname_type_on_launch": "ip-name",
            "region": "us-east-1",
            "tags": {
              "Name": "poc-private-1"
            },
            "tags_all": {
              "Name": "poc-private-1"
            },
            "timeouts": null,
            "vpc_id": "vpc-09a7ef496f9fa8f48"
          },
          "sensitive_attributes": [],
          "private": "eyJlMmJmYjczMC1lY2FhLTExZTYtOGY4OC0zNDM2M2JjN2M0YzAiOnsiY3JlYXRlIjo2MDAwMDAwMDAwMDAsImRlbGV0ZSI6MTIwMDAwMDAwMDAwMH0sInNjaGVtYV92ZXJzaW9uIjoiMSJ9",
          "dependencies": [
            "data.aws_availability_zones.available",
            "module.vpc.aws_vpc.this"
          ]
        }
      ]
    },
    {
      "module": "module.public_subnets",
      "mode": "managed",
      "type": "aws_subnet",
      "name": "this",
      "provider": "provider[\"registry.terraform.io/hashicorp/aws\"]",
      "instances": [
        {
          "index_key": 0,
          "schema_version": 1,
          "attributes": {
            "arn": "arn:aws:ec2:us-east-1:685993304963:subnet/subnet-08ac942bd297ef6f6",
            "assign_ipv6_address_on_creation": false,
            "availability_zone": "us-east-1a",
            "availability_zone_id": "use1-az6",
            "cidr_block": "10.0.0.0/24",
            "customer_owned_ipv4_pool": "",
            "enable_dns64": false,
            "enable_lni_at_device_index": 0,
            "enable_resource_name_dns_a_record_on_launch": false,
            "enable_resource_name_dns_aaaa_record_on_launch": false,
            "id": "subnet-08ac942bd297ef6f6",
            "ipv6_cidr_block": "",
            "ipv6_cidr_block_association_id": "",
            "ipv6_native": false,
            "map_customer_owned_ip_on_launch": false,
            "map_public_ip_on_launch": true,
            "outpost_arn": "",
            "owner_id": "685993304963",
            "private_dns_hostname_type_on_launch": "ip-name",
            "region": "us-east-1",
            "tags": {
              "Name": "poc-public-0"
            },
            "tags_all": {
              "Name": "poc-public-0"
            },
            "timeouts": null,
            "vpc_id": "vpc-09a7ef496f9fa8f48"
          },
          "sensitive_attributes": [],
          "private": "eyJlMmJmYjczMC1lY2FhLTExZTYtOGY4OC0zNDM2M2JjN2M0YzAiOnsiY3JlYXRlIjo2MDAwMDAwMDAwMDAsImRlbGV0ZSI6MTIwMDAwMDAwMDAwMH0sInNjaGVtYV92ZXJzaW9uIjoiMSJ9",
          "dependencies": [
            "data.aws_availability_zones.available",
            "module.vpc.aws_vpc.this"
          ]
        },
        {
          "index_key": 1,
          "schema_version": 1,
          "attributes": {
            "arn": "arn:aws:ec2:us-east-1:685993304963:subnet/subnet-04f8885ccbedf8402",
            "assign_ipv6_address_on_creation": false,
            "availability_zone": "us-east-1b",
            "availability_zone_id": "use1-az1",
            "cidr_block": "10.0.1.0/24",
            "customer_owned_ipv4_pool": "",
            "enable_dns64": false,
            "enable_lni_at_device_index": 0,
            "enable_resource_name_dns_a_record_on_launch": false,
            "enable_resource_name_dns_aaaa_record_on_launch": false,
            "id": "subnet-04f8885ccbedf8402",
            "ipv6_cidr_block": "",
            "ipv6_cidr_block_association_id": "",
            "ipv6_native": false,
            "map_customer_owned_ip_on_launch": false,
            "map_public_ip_on_launch": true,
            "outpost_arn": "",
            "owner_id": "685993304963",
            "private_dns_hostname_type_on_launch": "ip-name",
            "region": "us-east-1",
            "tags": {
              "Name": "poc-public-1"
            },
            "tags_all": {
              "Name": "poc-public-1"
            },
            "timeouts": null,
            "vpc_id": "vpc-09a7ef496f9fa8f48"
          },
          "sensitive_attributes": [],
          "private": "eyJlMmJmYjczMC1lY2FhLTExZTYtOGY4OC0zNDM2M2JjN2M0YzAiOnsiY3JlYXRlIjo2MDAwMDAwMDAwMDAsImRlbGV0ZSI6MTIwMDAwMDAwMDAwMH0sInNjaGVtYV92ZXJzaW9uIjoiMSJ9",
          "dependencies": [
            "data.aws_availability_zones.available",
            "module.vpc.aws_vpc.this"
          ]
        }
      ]
    },
    {
      "module": "module.route_table_public",
      "mode": "managed",
      "type": "aws_route",
      "name": "default_route",
      "provider": "provider[\"registry.terraform.io/hashicorp/aws\"]",
      "instances": [
        {
          "schema_version": 0,
          "attributes": {
            "carrier_gateway_id": "",
            "core_network_arn": "",
            "destination_cidr_block": "0.0.0.0/0",
            "destination_ipv6_cidr_block": "",
            "destination_prefix_list_id": "",
            "egress_only_gateway_id": "",
            "gateway_id": "igw-02043aa4e2ef6f443",
            "id": "r-rtb-0878cf6e2cb29f50c1080289494",
            "instance_id": "",
            "instance_owner_id": "",
            "local_gateway_id": "",
            "nat_gateway_id": "",
            "network_interface_id": "",
            "origin": "CreateRoute",
            "region": "us-east-1",
            "route_table_id": "rtb-0878cf6e2cb29f50c",
            "state": "active",
            "timeouts": null,
            "transit_gateway_id": "",
            "vpc_endpoint_id": "",
            "vpc_peering_connection_id": ""
          },
          "sensitive_attributes": [],
          "private": "eyJlMmJmYjczMC1lY2FhLTExZTYtOGY4OC0zNDM2M2JjN2M0YzAiOnsiY3JlYXRlIjozMDAwMDAwMDAwMDAsImRlbGV0ZSI6MzAwMDAwMDAwMDAwLCJ1cGRhdGUiOjEyMDAwMDAwMDAwMH19",
          "dependencies": [
            "module.internet_gateway.aws_internet_gateway.this",
            "module.route_table_public.aws_route_table.this",
            "module.vpc.aws_vpc.this"
          ]
        }
      ]
    },
    {
      "module": "module.route_table_public",
      "mode": "managed",
      "type": "aws_route_table",
      "name": "this",
      "provider": "provider[\"registry.terraform.io/hashicorp/aws\"]",
      "instances": [
        {
          "schema_version": 0,
          "attributes": {
            "arn": "arn:aws:ec2:us-east-1:685993304963:route-table/rtb-0878cf6e2cb29f50c",
            "id": "rtb-0878cf6e2cb29f50c",
            "owner_id": "685993304963",
            "propagating_vgws": [],
            "region": "us-east-1",
            "route": [],
            "tags": {
              "Name": "poc-public-rt"
            },
            "tags_all": {
              "Name": "poc-public-rt"
            },
            "timeouts": null,
            "vpc_id": "vpc-09a7ef496f9fa8f48"
          },
          "sensitive_attributes": [],
          "private": "eyJlMmJmYjczMC1lY2FhLTExZTYtOGY4OC0zNDM2M2JjN2M0YzAiOnsiY3JlYXRlIjozMDAwMDAwMDAwMDAsImRlbGV0ZSI6MzAwMDAwMDAwMDAwLCJ1cGRhdGUiOjEyMDAwMDAwMDAwMH19",
          "dependencies": [
            "module.vpc.aws_vpc.this"
          ]
        }
      ]
    },
    {
      "module": "module.route_table_public",
      "mode": "managed",
      "type": "aws_route_table_association",
      "name": "public",
      "provider": "provider[\"registry.terraform.io/hashicorp/aws\"]",
      "instances": [
        {
          "index_key": 0,
          "schema_version": 0,
          "attributes": {
            "gateway_id": "",
            "id": "rtbassoc-0c28055ba35e7013a",
            "region": "us-east-1",
            "route_table_id": "rtb-0878cf6e2cb29f50c",
            "subnet_id": "subnet-08ac942bd297ef6f6",
            "timeouts": null
          },
          "sensitive_attributes": [],
          "private": "eyJlMmJmYjczMC1lY2FhLTExZTYtOGY4OC0zNDM2M2JjN2M0YzAiOnsiY3JlYXRlIjozMDAwMDAwMDAwMDAsImRlbGV0ZSI6MzAwMDAwMDAwMDAwLCJ1cGRhdGUiOjEyMDAwMDAwMDAwMH19",
          "dependencies": [
            "data.aws_availability_zones.available",
            "module.public_subnets.aws_subnet.this",
            "module.route_table_public.aws_route_table.this",
            "module.vpc.aws_vpc.this"
          ]
        },
        {
          "index_key": 1,
          "schema_version": 0,
          "attributes": {
            "gateway_id": "",
            "id": "rtbassoc-0958a761986d3d4f7",
            "region": "us-east-1",
            "route_table_id": "rtb-0878cf6e2cb29f50c",
            "subnet_id": "subnet-04f8885ccbedf8402",
            "timeouts": null
          },
          "sensitive_attributes": [],
          "private": "eyJlMmJmYjczMC1lY2FhLTExZTYtOGY4OC0zNDM2M2JjN2M0YzAiOnsiY3JlYXRlIjozMDAwMDAwMDAwMDAsImRlbGV0ZSI6MzAwMDAwMDAwMDAwLCJ1cGRhdGUiOjEyMDAwMDAwMDAwMH19",
          "dependencies": [
            "data.aws_availability_zones.available",
            "module.public_subnets.aws_subnet.this",
            "module.route_table_public.aws_route_table.this",
            "module.vpc.aws_vpc.this"
          ]
        }
      ]
    },
    {
      "module": "module.security_group_nat",
      "mode": "managed",
      "type": "aws_security_group",
      "name": "this",
      "provider": "provider[\"registry.terraform.io/hashicorp/aws\"]",
      "instances": [
        {
          "schema_version": 1,
          "attributes": {
            "arn": "arn:aws:ec2:us-east-1:685993304963:security-group/sg-0c0ae0b0b3374455b",
            "description": "Allow SSH access to NAT instance",
            "egress": [
              {
                "cidr_blocks": [
                  "0.0.0.0/0"
                ],
                "description": "",
                "from_port": 0,
                "ipv6_cidr_blocks": [],
                "prefix_list_ids": [],
                "protocol": "-1",
                "security_groups": [],
                "self": false,
                "to_port": 0
              }
            ],
            "id": "sg-0c0ae0b0b3374455b",
            "ingress": [
              {
                "cidr_blocks": [
                  "0.0.0.0/0"
                ],
                "description": "SSH from anywhere (for PoC, restrict in production)",
                "from_port": 22,
                "ipv6_cidr_blocks": [],
                "prefix_list_ids": [],
                "protocol": "tcp",
                "security_groups": [],
                "self": false,
                "to_port": 22
              }
            ],
            "name": "poc-nat-sg",
            "name_prefix": "",
            "owner_id": "685993304963",
            "region": "us-east-1",
            "revoke_rules_on_delete": false,
            "tags": {
              "Name": "poc-nat-sg"
            },
            "tags_all": {
              "Name": "poc-nat-sg"
            },
            "timeouts": null,
            "vpc_id": "vpc-09a7ef496f9fa8f48"
          },
          "sensitive_attributes": [],
          "private": "eyJlMmJmYjczMC1lY2FhLTExZTYtOGY4OC0zNDM2M2JjN2M0YzAiOnsiY3JlYXRlIjo2MDAwMDAwMDAwMDAsImRlbGV0ZSI6OTAwMDAwMDAwMDAwfSwic2NoZW1hX3ZlcnNpb24iOiIxIn0=",
          "dependencies": [
            "module.vpc.aws_vpc.this"
          ]
        }
      ]
    },
    {
      "module": "module.security_group_test",
      "mode": "managed",
      "type": "aws_security_group",
      "name": "this",
      "provider": "provider[\"registry.terraform.io/hashicorp/aws\"]",
      "instances": [
        {
          "schema_version": 1,
          "attributes": {
            "arn": "arn:aws:ec2:us-east-1:685993304963:security-group/sg-0158a8d95fce1f1cc",
            "description": "Allow SSH from NAT instance to test instance",
            "egress": [
              {
                "cidr_blocks": [
                  "0.0.0.0/0"
                ],
                "description": "",
                "from_port": 0,
                "ipv6_cidr_blocks": [],
                "prefix_list_ids": [],
                "protocol": "-1",
                "security_groups": [],
                "self": false,
                "to_port": 0
              }
            ],
            "id": "sg-0158a8d95fce1f1cc",
            "ingress": [
              {
                "cidr_blocks": [],
                "description": "SSH from NAT instance",
                "from_port": 22,
                "ipv6_cidr_blocks": [],
                "prefix_list_ids": [],
                "protocol": "tcp",
                "security_groups": [
                  "sg-0c0ae0b0b3374455b"
                ],
                "self": false,
                "to_port": 22
              }
            ],
            "name": "poc-test-sg",
            "name_prefix": "",
            "owner_id": "685993304963",
            "region": "us-east-1",
            "revoke_rules_on_delete": false,
            "tags": {
              "Name": "poc-test-sg"
            },
            "tags_all": {
              "Name": "poc-test-sg"
            },
            "timeouts": null,
            "vpc_id": "vpc-09a7ef496f9fa8f48"
          },
          "sensitive_attributes": [],
          "private": "eyJlMmJmYjczMC1lY2FhLTExZTYtOGY4OC0zNDM2M2JjN2M0YzAiOnsiY3JlYXRlIjo2MDAwMDAwMDAwMDAsImRlbGV0ZSI6OTAwMDAwMDAwMDAwfSwic2NoZW1hX3ZlcnNpb24iOiIxIn0=",
          "dependencies": [
            "module.security_group_nat.aws_security_group.this",
            "module.vpc.aws_vpc.this"
          ]
        }
      ]
    },
    {
      "module": "module.vpc",
      "mode": "managed",
      "type": "aws_vpc",
      "name": "this",
      "provider": "provider[\"registry.terraform.io/hashicorp/aws\"]",
      "instances": [
        {
          "schema_version": 1,
          "attributes": {
            "arn": "arn:aws:ec2:us-east-1:685993304963:vpc/vpc-09a7ef496f9fa8f48",
            "assign_generated_ipv6_cidr_block": false,
            "cidr_block": "10.0.0.0/16",
            "default_network_acl_id": "acl-0fac2a37bda21e84a",
            "default_route_table_id": "rtb-0616d9711a76fe257",
            "default_security_group_id": "sg-010caaebc65322eb7",
            "dhcp_options_id": "dopt-0d3fc9d4ca636dbda",
            "enable_dns_hostnames": true,
            "enable_dns_support": true,
            "enable_network_address_usage_metrics": false,
            "id": "vpc-09a7ef496f9fa8f48",
            "instance_tenancy": "default",
            "ipv4_ipam_pool_id": null,
            "ipv4_netmask_length": null,
            "ipv6_association_id": "",
            "ipv6_cidr_block": "",
            "ipv6_cidr_block_network_border_group": "",
            "ipv6_ipam_pool_id": "",
            "ipv6_netmask_length": 0,
            "main_route_table_id": "rtb-0616d9711a76fe257",
            "owner_id": "685993304963",
            "region": "us-east-1",
            "tags": {
              "Name": "poc-vpc"
            },
            "tags_all": {
              "Name": "poc-vpc"
            }
          },
          "sensitive_attributes": [],
          "private": "eyJzY2hlbWFfdmVyc2lvbiI6IjEifQ=="
        }
      ]
    }
  ],
  "check_results": null
}
